
Microsoft Visual Studio Solution File, Format Version 12.00
# Visual Studio Version 17
VisualStudioVersion = 17.9.34902.65
MinimumVisualStudioVersion = 10.0.40219.1
Project("{9A19103F-16F7-4668-BE54-9A1E7A4F7556}") = "DemoSystemTests", "DemoSystemTests\DemoSystemTests.csproj", "{E69FA592-CF4B-4D89-A7B7-CE17FCB3E647}"
EndProject
Project("{9A19103F-16F7-4668-BE54-9A1E7A4F7556}") = "PolarisLite.Core", "PolarisLite.Core\PolarisLite.Core.csproj", "{8FBD87D7-2379-4D21-BC8C-AC46C6E4339A}"
EndProject
Project("{9A19103F-16F7-4668-BE54-9A1E7A4F7556}") = "PolarisLite.Web", "PolarisLite.Web\PolarisLite.Web.csproj", "{5102EB7C-F0C3-41FC-824C-C8456A6D9E80}"
EndProject
Project("{9A19103F-16F7-4668-BE54-9A1E7A4F7556}") = "PolarisLite.Mobile", "PolarisLite.Mobile\PolarisLite.Mobile.csproj", "{FE375A64-841E-4A71-9100-339C28308289}"
EndProject
Global
	GlobalSection(SolutionConfigurationPlatforms) = preSolution
		Debug|Any CPU = Debug|Any CPU
		Release|Any CPU = Release|Any CPU
	EndGlobalSection
	GlobalSection(ProjectConfigurationPlatforms) = postSolution
		{E69FA592-CF4B-4D89-A7B7-CE17FCB3E647}.Debug|Any CPU.ActiveCfg = Debug|Any CPU
		{E69FA592-CF4B-4D89-A7B7-CE17FCB3E647}.Debug|Any CPU.Build.0 = Debug|Any CPU
		{E69FA592-CF4B-4D89-A7B7-CE17FCB3E647}.Release|Any CPU.ActiveCfg = Release|Any CPU
		{E69FA592-CF4B-4D89-A7B7-CE17FCB3E647}.Release|Any CPU.Build.0 = Release|Any CPU
		{8FBD87D7-2379-4D21-BC8C-AC46C6E4339A}.Debug|Any CPU.ActiveCfg = Debug|Any CPU
		{8FBD87D7-2379-4D21-BC8C-AC46C6E4339A}.Debug|Any CPU.Build.0 = Debug|Any CPU
		{8FBD87D7-2379-4D21-BC8C-AC46C6E4339A}.Release|Any CPU.ActiveCfg = Release|Any CPU
		{8FBD87D7-2379-4D21-BC8C-AC46C6E4339A}.Release|Any CPU.Build.0 = Release|Any CPU
		{5102EB7C-F0C3-41FC-824C-C8456A6D9E80}.Debug|Any CPU.ActiveCfg = Debug|Any CPU
		{5102EB7C-F0C3-41FC-824C-C8456A6D9E80}.Debug|Any CPU.Build.0 = Debug|Any CPU
		{5102EB7C-F0C3-41FC-824C-C8456A6D9E80}.Release|Any CPU.ActiveCfg = Release|Any CPU
		{5102EB7C-F0C3-41FC-824C-C8456A6D9E80}.Release|Any CPU.Build.0 = Release|Any CPU
		{FE375A64-841E-4A71-9100-339C28308289}.Debug|Any CPU.ActiveCfg = Debug|Any CPU
		{FE375A64-841E-4A71-9100-339C28308289}.Debug|Any CPU.Build.0 = Debug|Any CPU
		{FE375A64-841E-4A71-9100-339C28308289}.Release|Any CPU.ActiveCfg = Release|Any CPU
		{FE375A64-841E-4A71-9100-339C28308289}.Release|Any CPU.Build.0 = Release|Any CPU
	EndGlobalSection
	GlobalSection(SolutionProperties) = preSolution
		HideSolutionNode = FALSE
	EndGlobalSection
	GlobalSection(ExtensibilityGlobals) = postSolution
		SolutionGuid = {E0068AF3-5655-47FC-AC14-956EEE2AAD4C}
	EndGlobalSection
EndGlobal
